
Microsoft Visual Studio Solution File, Format Version 12.00
# Visual Studio Version 17
VisualStudioVersion = 17.9.34714.143
MinimumVisualStudioVersion = 10.0.40219.1
Project("{2150E333-8FDC-42A3-9474-1A3956D46DE8}") = "Services", "Services", "{0098D0DC-A4BC-435E-8517-19A403560C7D}"
EndProject
Project("{2150E333-8FDC-42A3-9474-1A3956D46DE8}") = "Catalog", "Catalog", "{286E1F31-AA23-472A-A3E7-9CFE00E3FDB8}"
EndProject
Project("{9A19103F-16F7-4668-BE54-9A1E7A4F7556}") = "Multishop.Catalog", "Services\Catalog\Multishop.Catalog\Multishop.Catalog.csproj", "{55C40E72-8924-43CD-A335-14AD1F5B2997}"
EndProject
Project("{2150E333-8FDC-42A3-9474-1A3956D46DE8}") = "Discount", "Discount", "{8B9F5FB0-2AF0-42EA-949D-FEF51961842E}"
EndProject
Project("{9A19103F-16F7-4668-BE54-9A1E7A4F7556}") = "Multishop.Discount", "Services\Discount\Multishop.Discount\Multishop.Discount.csproj", "{BBCCAB88-D20F-4AA2-985A-2AA3CFDA35DB}"
EndProject
Project("{2150E333-8FDC-42A3-9474-1A3956D46DE8}") = "Order", "Order", "{9E42BEF4-F8A8-4DB2-8EA5-D82506C82B26}"
EndProject
Project("{2150E333-8FDC-42A3-9474-1A3956D46DE8}") = "Core", "Core", "{A542A174-092D-4222-9CB5-3C94233BCD1C}"
EndProject
Project("{2150E333-8FDC-42A3-9474-1A3956D46DE8}") = "Infrastructure", "Infrastructure", "{008D2D5B-D620-43B0-9169-7E927F3DA0BD}"
EndProject
Project("{2150E333-8FDC-42A3-9474-1A3956D46DE8}") = "Presentation", "Presentation", "{98405C95-A7DA-4968-9B5F-EFC4545C682A}"
EndProject
Project("{9A19103F-16F7-4668-BE54-9A1E7A4F7556}") = "Multishop.Order.Domain", "Services\Order\Core\Multishop.Order.Domain\Multishop.Order.Domain.csproj", "{0C243D00-AE58-4B08-9DEE-716704846131}"
EndProject
Project("{9A19103F-16F7-4668-BE54-9A1E7A4F7556}") = "Multishop.Order.Application", "Services\Order\Core\Multishop.Order.Application\Multishop.Order.Application.csproj", "{A521D221-55E8-45E6-8668-726996F8C207}"
EndProject
Project("{9A19103F-16F7-4668-BE54-9A1E7A4F7556}") = "Multishop.Order.Persistence", "Services\Order\Infrastructure\Multishop.Order.Persistence\Multishop.Order.Persistence.csproj", "{65B2DCDD-25D4-4818-B9B5-4A7DEAB78D38}"
EndProject
Project("{9A19103F-16F7-4668-BE54-9A1E7A4F7556}") = "Multishop.Order.WebAPI", "Services\Order\Presentation\Multishop.Order.WebAPI\Multishop.Order.WebAPI.csproj", "{B70FE478-0337-44D5-AB39-B154873E6A38}"
EndProject
Project("{2150E333-8FDC-42A3-9474-1A3956D46DE8}") = "IdentityServer", "IdentityServer", "{F142B94C-6677-4FD8-BE66-841DDC96DD6F}"
EndProject
Project("{9A19103F-16F7-4668-BE54-9A1E7A4F7556}") = "Multishop.IdentityServer", "IdentityServer\Multishop.IdentityServer\Multishop.IdentityServer.csproj", "{116DE24D-4518-4EF8-BCF8-270ADEEFCEDA}"
EndProject
Project("{2150E333-8FDC-42A3-9474-1A3956D46DE8}") = "Solution Items", "Solution Items", "{9EDAC870-BBCD-4682-AD99-B155DDC8BE32}"
	ProjectSection(SolutionItems) = preProject
		OcelotConfig.txt = OcelotConfig.txt
		PortNumbers.txt = PortNumbers.txt
	EndProjectSection
EndProject
Project("{2150E333-8FDC-42A3-9474-1A3956D46DE8}") = "Cargo", "Cargo", "{A59B71E4-01F8-4A8E-A678-C8909A7F1992}"
EndProject
Project("{9A19103F-16F7-4668-BE54-9A1E7A4F7556}") = "Multishop.Cargo.Business", "Services\Cargo\Multishop.Cargo.Business\Multishop.Cargo.Business.csproj", "{9309CFE6-C624-414A-98EA-E5F3DDE9D835}"
EndProject
Project("{9A19103F-16F7-4668-BE54-9A1E7A4F7556}") = "Multishop.Cargo.Entity", "Services\Cargo\Multishop.Cargo.Entity\Multishop.Cargo.Entity.csproj", "{CFBC8449-3321-4AEE-B171-61C8912C55B3}"
EndProject
Project("{9A19103F-16F7-4668-BE54-9A1E7A4F7556}") = "Multishop.Cargo.DataAccess", "Services\Cargo\Multishop.Cargo.DataAccess\Multishop.Cargo.DataAccess.csproj", "{0D098D8B-D029-46AF-80E2-FCF12EDDBA5A}"
EndProject
Project("{9A19103F-16F7-4668-BE54-9A1E7A4F7556}") = "Multishop.Cargo.DTO", "Services\Cargo\Multishop.Cargo.DTO\Multishop.Cargo.DTO.csproj", "{D92ED21D-8839-4490-B20E-B7462B0E908D}"
EndProject
Project("{9A19103F-16F7-4668-BE54-9A1E7A4F7556}") = "Multishop.Cargo.API", "Multishop.Cargo.API\Multishop.Cargo.API.csproj", "{DFE0E5F8-8624-4087-B531-22526D2DBFEA}"
EndProject
Project("{2150E333-8FDC-42A3-9474-1A3956D46DE8}") = "Basket", "Basket", "{00945859-F8B8-4F88-A6E8-A5D8573D7B10}"
EndProject
Project("{9A19103F-16F7-4668-BE54-9A1E7A4F7556}") = "Multishop.Basket", "Services\Basket\Multishop.Basket\Multishop.Basket.csproj", "{14ED9EF8-80F9-4D4F-AACB-8C7690A79184}"
EndProject
Project("{2150E333-8FDC-42A3-9474-1A3956D46DE8}") = "Comment", "Comment", "{CD69A83A-3A51-41B0-9829-D800806AD90F}"
EndProject
Project("{9A19103F-16F7-4668-BE54-9A1E7A4F7556}") = "Multishop.Comment", "Services\Comment\Multishop.Comment\Multishop.Comment.csproj", "{C66D3ECC-49EF-4212-B84B-BA505AA76AD9}"
EndProject
Project("{2150E333-8FDC-42A3-9474-1A3956D46DE8}") = "ApiGateway", "ApiGateway", "{D2BF2AD6-CBE8-4BD8-B692-E8A040A41D3B}"
EndProject
Project("{2150E333-8FDC-42A3-9474-1A3956D46DE8}") = "RapidApi", "RapidApi", "{B34E88C0-64A6-4407-BC3E-17E929AFB13B}"
EndProject
Project("{9A19103F-16F7-4668-BE54-9A1E7A4F7556}") = "Multishop.Gateway", "ApiGateway\Multishop.Gateway\Multishop.Gateway.csproj", "{FE660683-6778-4891-84DF-F7E5DB67938C}"
EndProject
Project("{2150E333-8FDC-42A3-9474-1A3956D46DE8}") = "Payment", "Payment", "{8F0DF17F-2D1F-4D2D-9890-BD4337B2DF31}"
EndProject
Project("{9A19103F-16F7-4668-BE54-9A1E7A4F7556}") = "Multishop.Payment", "Services\Payment\Multishop.Payment\Multishop.Payment.csproj", "{9D8FE02E-9BEA-41AE-AE6C-78D29B744902}"
EndProject
Project("{2150E333-8FDC-42A3-9474-1A3956D46DE8}") = "Images", "Images", "{29345EFD-2C6B-46A6-BA8C-47AA2430801E}"
EndProject
Project("{9A19103F-16F7-4668-BE54-9A1E7A4F7556}") = "Multishop.Images", "Services\Images\Multishop.Images\Multishop.Images.csproj", "{0EAF8A3C-7385-43D8-AD44-D1945A016EBE}"
EndProject
Project("{2150E333-8FDC-42A3-9474-1A3956D46DE8}") = "Message", "Message", "{A4FDD588-8FF2-4A26-B9DA-6CFDCD7040C1}"
EndProject
Project("{9A19103F-16F7-4668-BE54-9A1E7A4F7556}") = "Multishop.Message", "Services\Message\Multishop.Message\Multishop.Message.csproj", "{8CD9C7A0-0518-4B07-B92E-C12D3967DA53}"
EndProject
Project("{2150E333-8FDC-42A3-9474-1A3956D46DE8}") = "SignalRRealTime", "SignalRRealTime", "{D5AE29CA-9609-4A05-B293-0910C2833464}"
EndProject
Project("{9A19103F-16F7-4668-BE54-9A1E7A4F7556}") = "Multishop.SignalRRealTimeApi", "Services\SignalRRealTime\Multishop.SignalRRealTimeApi\Multishop.SignalRRealTimeApi.csproj", "{95DF5D4D-11FB-4B2D-9FBA-6E09EC8438C5}"
EndProject
Project("{2150E333-8FDC-42A3-9474-1A3956D46DE8}") = "Frontends", "Frontends", "{860CDCFE-3273-429B-9C1C-1001F8846D54}"
EndProject
Project("{9A19103F-16F7-4668-BE54-9A1E7A4F7556}") = "Multishop.WebUI", "Frontends\Multishop.WebUI\Multishop.WebUI.csproj", "{BAA7924B-4328-44E5-96DF-A6A7F098E217}"
EndProject
Project("{9A19103F-16F7-4668-BE54-9A1E7A4F7556}") = "Multishop.WebDTO", "Frontends\Multishop.WebDTO\Multishop.WebDTO.csproj", "{C4129293-771E-48FD-AA34-92EFFD6ACEA1}"
EndProject
Project("{2150E333-8FDC-42A3-9474-1A3956D46DE8}") = "RabbitMQ", "RabbitMQ", "{F3E1ACDA-C817-4905-A90E-52A0ADC6A570}"
EndProject
Project("{9A19103F-16F7-4668-BE54-9A1E7A4F7556}") = "Multishop.RabbitMQApi", "Services\RabbitMQ\Multishop.RabbitMQApi\Multishop.RabbitMQApi.csproj", "{82642B18-C000-4FEA-A018-697D3FB7A685}"
EndProject
Project("{2150E333-8FDC-42A3-9474-1A3956D46DE8}") = "Shared", "Shared", "{2196BCCB-35AF-4102-A68A-EBA0B9B99AB7}"
EndProject
Project("{FAE04EC0-301F-11D3-BF4B-00C04F79EFBC}") = "Multishop.SharedLibrary", "Shared\Multishop.SharedLibrary\Multishop.SharedLibrary.csproj", "{CC9072F3-002F-451E-9607-1B3E1C081F4E}"
EndProject
Global
	GlobalSection(SolutionConfigurationPlatforms) = preSolution
		Debug|Any CPU = Debug|Any CPU
		Release|Any CPU = Release|Any CPU
	EndGlobalSection
	GlobalSection(ProjectConfigurationPlatforms) = postSolution
		{55C40E72-8924-43CD-A335-14AD1F5B2997}.Debug|Any CPU.ActiveCfg = Debug|Any CPU
		{55C40E72-8924-43CD-A335-14AD1F5B2997}.Debug|Any CPU.Build.0 = Debug|Any CPU
		{55C40E72-8924-43CD-A335-14AD1F5B2997}.Release|Any CPU.ActiveCfg = Release|Any CPU
		{55C40E72-8924-43CD-A335-14AD1F5B2997}.Release|Any CPU.Build.0 = Release|Any CPU
		{BBCCAB88-D20F-4AA2-985A-2AA3CFDA35DB}.Debug|Any CPU.ActiveCfg = Debug|Any CPU
		{BBCCAB88-D20F-4AA2-985A-2AA3CFDA35DB}.Debug|Any CPU.Build.0 = Debug|Any CPU
		{BBCCAB88-D20F-4AA2-985A-2AA3CFDA35DB}.Release|Any CPU.ActiveCfg = Release|Any CPU
		{BBCCAB88-D20F-4AA2-985A-2AA3CFDA35DB}.Release|Any CPU.Build.0 = Release|Any CPU
		{0C243D00-AE58-4B08-9DEE-716704846131}.Debug|Any CPU.ActiveCfg = Debug|Any CPU
		{0C243D00-AE58-4B08-9DEE-716704846131}.Debug|Any CPU.Build.0 = Debug|Any CPU
		{0C243D00-AE58-4B08-9DEE-716704846131}.Release|Any CPU.ActiveCfg = Release|Any CPU
		{0C243D00-AE58-4B08-9DEE-716704846131}.Release|Any CPU.Build.0 = Release|Any CPU
		{A521D221-55E8-45E6-8668-726996F8C207}.Debug|Any CPU.ActiveCfg = Debug|Any CPU
		{A521D221-55E8-45E6-8668-726996F8C207}.Debug|Any CPU.Build.0 = Debug|Any CPU
		{A521D221-55E8-45E6-8668-726996F8C207}.Release|Any CPU.ActiveCfg = Release|Any CPU
		{A521D221-55E8-45E6-8668-726996F8C207}.Release|Any CPU.Build.0 = Release|Any CPU
		{65B2DCDD-25D4-4818-B9B5-4A7DEAB78D38}.Debug|Any CPU.ActiveCfg = Debug|Any CPU
		{65B2DCDD-25D4-4818-B9B5-4A7DEAB78D38}.Debug|Any CPU.Build.0 = Debug|Any CPU
		{65B2DCDD-25D4-4818-B9B5-4A7DEAB78D38}.Release|Any CPU.ActiveCfg = Release|Any CPU
		{65B2DCDD-25D4-4818-B9B5-4A7DEAB78D38}.Release|Any CPU.Build.0 = Release|Any CPU
		{B70FE478-0337-44D5-AB39-B154873E6A38}.Debug|Any CPU.ActiveCfg = Debug|Any CPU
		{B70FE478-0337-44D5-AB39-B154873E6A38}.Debug|Any CPU.Build.0 = Debug|Any CPU
		{B70FE478-0337-44D5-AB39-B154873E6A38}.Release|Any CPU.ActiveCfg = Release|Any CPU
		{B70FE478-0337-44D5-AB39-B154873E6A38}.Release|Any CPU.Build.0 = Release|Any CPU
		{116DE24D-4518-4EF8-BCF8-270ADEEFCEDA}.Debug|Any CPU.ActiveCfg = Debug|Any CPU
		{116DE24D-4518-4EF8-BCF8-270ADEEFCEDA}.Debug|Any CPU.Build.0 = Debug|Any CPU
		{116DE24D-4518-4EF8-BCF8-270ADEEFCEDA}.Release|Any CPU.ActiveCfg = Release|Any CPU
		{116DE24D-4518-4EF8-BCF8-270ADEEFCEDA}.Release|Any CPU.Build.0 = Release|Any CPU
		{9309CFE6-C624-414A-98EA-E5F3DDE9D835}.Debug|Any CPU.ActiveCfg = Debug|Any CPU
		{9309CFE6-C624-414A-98EA-E5F3DDE9D835}.Debug|Any CPU.Build.0 = Debug|Any CPU
		{9309CFE6-C624-414A-98EA-E5F3DDE9D835}.Release|Any CPU.ActiveCfg = Release|Any CPU
		{9309CFE6-C624-414A-98EA-E5F3DDE9D835}.Release|Any CPU.Build.0 = Release|Any CPU
		{CFBC8449-3321-4AEE-B171-61C8912C55B3}.Debug|Any CPU.ActiveCfg = Debug|Any CPU
		{CFBC8449-3321-4AEE-B171-61C8912C55B3}.Debug|Any CPU.Build.0 = Debug|Any CPU
		{CFBC8449-3321-4AEE-B171-61C8912C55B3}.Release|Any CPU.ActiveCfg = Release|Any CPU
		{CFBC8449-3321-4AEE-B171-61C8912C55B3}.Release|Any CPU.Build.0 = Release|Any CPU
		{0D098D8B-D029-46AF-80E2-FCF12EDDBA5A}.Debug|Any CPU.ActiveCfg = Debug|Any CPU
		{0D098D8B-D029-46AF-80E2-FCF12EDDBA5A}.Debug|Any CPU.Build.0 = Debug|Any CPU
		{0D098D8B-D029-46AF-80E2-FCF12EDDBA5A}.Release|Any CPU.ActiveCfg = Release|Any CPU
		{0D098D8B-D029-46AF-80E2-FCF12EDDBA5A}.Release|Any CPU.Build.0 = Release|Any CPU
		{D92ED21D-8839-4490-B20E-B7462B0E908D}.Debug|Any CPU.ActiveCfg = Debug|Any CPU
		{D92ED21D-8839-4490-B20E-B7462B0E908D}.Debug|Any CPU.Build.0 = Debug|Any CPU
		{D92ED21D-8839-4490-B20E-B7462B0E908D}.Release|Any CPU.ActiveCfg = Release|Any CPU
		{D92ED21D-8839-4490-B20E-B7462B0E908D}.Release|Any CPU.Build.0 = Release|Any CPU
		{DFE0E5F8-8624-4087-B531-22526D2DBFEA}.Debug|Any CPU.ActiveCfg = Debug|Any CPU
		{DFE0E5F8-8624-4087-B531-22526D2DBFEA}.Debug|Any CPU.Build.0 = Debug|Any CPU
		{DFE0E5F8-8624-4087-B531-22526D2DBFEA}.Release|Any CPU.ActiveCfg = Release|Any CPU
		{DFE0E5F8-8624-4087-B531-22526D2DBFEA}.Release|Any CPU.Build.0 = Release|Any CPU
		{14ED9EF8-80F9-4D4F-AACB-8C7690A79184}.Debug|Any CPU.ActiveCfg = Debug|Any CPU
		{14ED9EF8-80F9-4D4F-AACB-8C7690A79184}.Debug|Any CPU.Build.0 = Debug|Any CPU
		{14ED9EF8-80F9-4D4F-AACB-8C7690A79184}.Release|Any CPU.ActiveCfg = Release|Any CPU
		{14ED9EF8-80F9-4D4F-AACB-8C7690A79184}.Release|Any CPU.Build.0 = Release|Any CPU
		{C66D3ECC-49EF-4212-B84B-BA505AA76AD9}.Debug|Any CPU.ActiveCfg = Debug|Any CPU
		{C66D3ECC-49EF-4212-B84B-BA505AA76AD9}.Debug|Any CPU.Build.0 = Debug|Any CPU
		{C66D3ECC-49EF-4212-B84B-BA505AA76AD9}.Release|Any CPU.ActiveCfg = Release|Any CPU
		{C66D3ECC-49EF-4212-B84B-BA505AA76AD9}.Release|Any CPU.Build.0 = Release|Any CPU
		{FE660683-6778-4891-84DF-F7E5DB67938C}.Debug|Any CPU.ActiveCfg = Debug|Any CPU
		{FE660683-6778-4891-84DF-F7E5DB67938C}.Debug|Any CPU.Build.0 = Debug|Any CPU
		{FE660683-6778-4891-84DF-F7E5DB67938C}.Release|Any CPU.ActiveCfg = Release|Any CPU
		{FE660683-6778-4891-84DF-F7E5DB67938C}.Release|Any CPU.Build.0 = Release|Any CPU
		{9D8FE02E-9BEA-41AE-AE6C-78D29B744902}.Debug|Any CPU.ActiveCfg = Debug|Any CPU
		{9D8FE02E-9BEA-41AE-AE6C-78D29B744902}.Debug|Any CPU.Build.0 = Debug|Any CPU
		{9D8FE02E-9BEA-41AE-AE6C-78D29B744902}.Release|Any CPU.ActiveCfg = Release|Any CPU
		{9D8FE02E-9BEA-41AE-AE6C-78D29B744902}.Release|Any CPU.Build.0 = Release|Any CPU
		{0EAF8A3C-7385-43D8-AD44-D1945A016EBE}.Debug|Any CPU.ActiveCfg = Debug|Any CPU
		{0EAF8A3C-7385-43D8-AD44-D1945A016EBE}.Debug|Any CPU.Build.0 = Debug|Any CPU
		{0EAF8A3C-7385-43D8-AD44-D1945A016EBE}.Release|Any CPU.ActiveCfg = Release|Any CPU
		{0EAF8A3C-7385-43D8-AD44-D1945A016EBE}.Release|Any CPU.Build.0 = Release|Any CPU
		{8CD9C7A0-0518-4B07-B92E-C12D3967DA53}.Debug|Any CPU.ActiveCfg = Debug|Any CPU
		{8CD9C7A0-0518-4B07-B92E-C12D3967DA53}.Debug|Any CPU.Build.0 = Debug|Any CPU
		{8CD9C7A0-0518-4B07-B92E-C12D3967DA53}.Release|Any CPU.ActiveCfg = Release|Any CPU
		{8CD9C7A0-0518-4B07-B92E-C12D3967DA53}.Release|Any CPU.Build.0 = Release|Any CPU
		{95DF5D4D-11FB-4B2D-9FBA-6E09EC8438C5}.Debug|Any CPU.ActiveCfg = Debug|Any CPU
		{95DF5D4D-11FB-4B2D-9FBA-6E09EC8438C5}.Debug|Any CPU.Build.0 = Debug|Any CPU
		{95DF5D4D-11FB-4B2D-9FBA-6E09EC8438C5}.Release|Any CPU.ActiveCfg = Release|Any CPU
		{95DF5D4D-11FB-4B2D-9FBA-6E09EC8438C5}.Release|Any CPU.Build.0 = Release|Any CPU
		{BAA7924B-4328-44E5-96DF-A6A7F098E217}.Debug|Any CPU.ActiveCfg = Debug|Any CPU
		{BAA7924B-4328-44E5-96DF-A6A7F098E217}.Debug|Any CPU.Build.0 = Debug|Any CPU
		{BAA7924B-4328-44E5-96DF-A6A7F098E217}.Release|Any CPU.ActiveCfg = Release|Any CPU
		{BAA7924B-4328-44E5-96DF-A6A7F098E217}.Release|Any CPU.Build.0 = Release|Any CPU
		{C4129293-771E-48FD-AA34-92EFFD6ACEA1}.Debug|Any CPU.ActiveCfg = Debug|Any CPU
		{C4129293-771E-48FD-AA34-92EFFD6ACEA1}.Debug|Any CPU.Build.0 = Debug|Any CPU
		{C4129293-771E-48FD-AA34-92EFFD6ACEA1}.Release|Any CPU.ActiveCfg = Release|Any CPU
		{C4129293-771E-48FD-AA34-92EFFD6ACEA1}.Release|Any CPU.Build.0 = Release|Any CPU
		{82642B18-C000-4FEA-A018-697D3FB7A685}.Debug|Any CPU.ActiveCfg = Debug|Any CPU
		{82642B18-C000-4FEA-A018-697D3FB7A685}.Debug|Any CPU.Build.0 = Debug|Any CPU
		{82642B18-C000-4FEA-A018-697D3FB7A685}.Release|Any CPU.ActiveCfg = Release|Any CPU
		{82642B18-C000-4FEA-A018-697D3FB7A685}.Release|Any CPU.Build.0 = Release|Any CPU
		{CC9072F3-002F-451E-9607-1B3E1C081F4E}.Debug|Any CPU.ActiveCfg = Debug|Any CPU
		{CC9072F3-002F-451E-9607-1B3E1C081F4E}.Debug|Any CPU.Build.0 = Debug|Any CPU
		{CC9072F3-002F-451E-9607-1B3E1C081F4E}.Release|Any CPU.ActiveCfg = Release|Any CPU
		{CC9072F3-002F-451E-9607-1B3E1C081F4E}.Release|Any CPU.Build.0 = Release|Any CPU
	EndGlobalSection
	GlobalSection(SolutionProperties) = preSolution
		HideSolutionNode = FALSE
	EndGlobalSection
	GlobalSection(NestedProjects) = preSolution
		{286E1F31-AA23-472A-A3E7-9CFE00E3FDB8} = {0098D0DC-A4BC-435E-8517-19A403560C7D}
		{55C40E72-8924-43CD-A335-14AD1F5B2997} = {286E1F31-AA23-472A-A3E7-9CFE00E3FDB8}
		{8B9F5FB0-2AF0-42EA-949D-FEF51961842E} = {0098D0DC-A4BC-435E-8517-19A403560C7D}
		{BBCCAB88-D20F-4AA2-985A-2AA3CFDA35DB} = {8B9F5FB0-2AF0-42EA-949D-FEF51961842E}
		{9E42BEF4-F8A8-4DB2-8EA5-D82506C82B26} = {0098D0DC-A4BC-435E-8517-19A403560C7D}
		{A542A174-092D-4222-9CB5-3C94233BCD1C} = {9E42BEF4-F8A8-4DB2-8EA5-D82506C82B26}
		{008D2D5B-D620-43B0-9169-7E927F3DA0BD} = {9E42BEF4-F8A8-4DB2-8EA5-D82506C82B26}
		{98405C95-A7DA-4968-9B5F-EFC4545C682A} = {9E42BEF4-F8A8-4DB2-8EA5-D82506C82B26}
		{0C243D00-AE58-4B08-9DEE-716704846131} = {A542A174-092D-4222-9CB5-3C94233BCD1C}
		{A521D221-55E8-45E6-8668-726996F8C207} = {A542A174-092D-4222-9CB5-3C94233BCD1C}
		{65B2DCDD-25D4-4818-B9B5-4A7DEAB78D38} = {008D2D5B-D620-43B0-9169-7E927F3DA0BD}
		{B70FE478-0337-44D5-AB39-B154873E6A38} = {98405C95-A7DA-4968-9B5F-EFC4545C682A}
		{116DE24D-4518-4EF8-BCF8-270ADEEFCEDA} = {F142B94C-6677-4FD8-BE66-841DDC96DD6F}
		{A59B71E4-01F8-4A8E-A678-C8909A7F1992} = {0098D0DC-A4BC-435E-8517-19A403560C7D}
		{9309CFE6-C624-414A-98EA-E5F3DDE9D835} = {A59B71E4-01F8-4A8E-A678-C8909A7F1992}
		{CFBC8449-3321-4AEE-B171-61C8912C55B3} = {A59B71E4-01F8-4A8E-A678-C8909A7F1992}
		{0D098D8B-D029-46AF-80E2-FCF12EDDBA5A} = {A59B71E4-01F8-4A8E-A678-C8909A7F1992}
		{D92ED21D-8839-4490-B20E-B7462B0E908D} = {A59B71E4-01F8-4A8E-A678-C8909A7F1992}
		{DFE0E5F8-8624-4087-B531-22526D2DBFEA} = {A59B71E4-01F8-4A8E-A678-C8909A7F1992}
		{00945859-F8B8-4F88-A6E8-A5D8573D7B10} = {0098D0DC-A4BC-435E-8517-19A403560C7D}
		{14ED9EF8-80F9-4D4F-AACB-8C7690A79184} = {00945859-F8B8-4F88-A6E8-A5D8573D7B10}
		{CD69A83A-3A51-41B0-9829-D800806AD90F} = {0098D0DC-A4BC-435E-8517-19A403560C7D}
		{C66D3ECC-49EF-4212-B84B-BA505AA76AD9} = {CD69A83A-3A51-41B0-9829-D800806AD90F}
		{FE660683-6778-4891-84DF-F7E5DB67938C} = {D2BF2AD6-CBE8-4BD8-B692-E8A040A41D3B}
		{8F0DF17F-2D1F-4D2D-9890-BD4337B2DF31} = {0098D0DC-A4BC-435E-8517-19A403560C7D}
		{9D8FE02E-9BEA-41AE-AE6C-78D29B744902} = {8F0DF17F-2D1F-4D2D-9890-BD4337B2DF31}
		{29345EFD-2C6B-46A6-BA8C-47AA2430801E} = {0098D0DC-A4BC-435E-8517-19A403560C7D}
		{0EAF8A3C-7385-43D8-AD44-D1945A016EBE} = {29345EFD-2C6B-46A6-BA8C-47AA2430801E}
		{A4FDD588-8FF2-4A26-B9DA-6CFDCD7040C1} = {0098D0DC-A4BC-435E-8517-19A403560C7D}
		{8CD9C7A0-0518-4B07-B92E-C12D3967DA53} = {A4FDD588-8FF2-4A26-B9DA-6CFDCD7040C1}
		{D5AE29CA-9609-4A05-B293-0910C2833464} = {0098D0DC-A4BC-435E-8517-19A403560C7D}
		{95DF5D4D-11FB-4B2D-9FBA-6E09EC8438C5} = {D5AE29CA-9609-4A05-B293-0910C2833464}
		{BAA7924B-4328-44E5-96DF-A6A7F098E217} = {860CDCFE-3273-429B-9C1C-1001F8846D54}
		{C4129293-771E-48FD-AA34-92EFFD6ACEA1} = {860CDCFE-3273-429B-9C1C-1001F8846D54}
		{F3E1ACDA-C817-4905-A90E-52A0ADC6A570} = {0098D0DC-A4BC-435E-8517-19A403560C7D}
		{82642B18-C000-4FEA-A018-697D3FB7A685} = {F3E1ACDA-C817-4905-A90E-52A0ADC6A570}
		{CC9072F3-002F-451E-9607-1B3E1C081F4E} = {2196BCCB-35AF-4102-A68A-EBA0B9B99AB7}
	EndGlobalSection
	GlobalSection(ExtensibilityGlobals) = postSolution
		SolutionGuid = {9373B343-1ECB-4A26-BD80-A1A476C91B28}
	EndGlobalSection
EndGlobal
